// !$*UTF8*$!
{
	archiveVersion = 1;
	classes = {
	};
	objectVersion = 50;
	objects = {

/* Begin PBXBuildFile section */
		3D0B77002580468400F31110 /* AppDelegate.swift in Sources */ = {isa = PBXBuildFile; fileRef = 3D0B76FF2580468400F31110 /* AppDelegate.swift */; };
		3D0B77022580468400F31110 /* SceneDelegate.swift in Sources */ = {isa = PBXBuildFile; fileRef = 3D0B77012580468400F31110 /* SceneDelegate.swift */; };
		3D0B77042580468400F31110 /* ViewController.swift in Sources */ = {isa = PBXBuildFile; fileRef = 3D0B77032580468400F31110 /* ViewController.swift */; };
		3D0B77072580468400F31110 /* Main.storyboard in Resources */ = {isa = PBXBuildFile; fileRef = 3D0B77052580468400F31110 /* Main.storyboard */; };
		3D0B77092580468700F31110 /* Assets.xcassets in Resources */ = {isa = PBXBuildFile; fileRef = 3D0B77082580468700F31110 /* Assets.xcassets */; };
		3D0B770C2580468700F31110 /* LaunchScreen.storyboard in Resources */ = {isa = PBXBuildFile; fileRef = 3D0B770A2580468700F31110 /* LaunchScreen.storyboard */; };
		3D0B77172580468800F31110 /* DevChallengeTests.swift in Sources */ = {isa = PBXBuildFile; fileRef = 3D0B77162580468800F31110 /* DevChallengeTests.swift */; };
		3D0B77222580468800F31110 /* DevChallengeUITests.swift in Sources */ = {isa = PBXBuildFile; fileRef = 3D0B77212580468800F31110 /* DevChallengeUITests.swift */; };
		E6436CDF25BCAD6E00B42662 /* ResponseModel.swift in Sources */ = {isa = PBXBuildFile; fileRef = E6436CDE25BCAD6E00B42662 /* ResponseModel.swift */; };
/* End PBXBuildFile section */

/* Begin PBXContainerItemProxy section */
		3D0B77132580468800F31110 /* PBXContainerItemProxy */ = {
			isa = PBXContainerItemProxy;
			containerPortal = 3D0B76F42580468400F31110 /* Project object */;
			proxyType = 1;
			remoteGlobalIDString = 3D0B76FB2580468400F31110;
			remoteInfo = DevChallenge;
		};
		3D0B771E2580468800F31110 /* PBXContainerItemProxy */ = {
			isa = PBXContainerItemProxy;
			containerPortal = 3D0B76F42580468400F31110 /* Project object */;
			proxyType = 1;
			remoteGlobalIDString = 3D0B76FB2580468400F31110;
			remoteInfo = DevChallenge;
		};
/* End PBXContainerItemProxy section */

/* Begin PBXFileReference section */
		3D0B76FC2580468400F31110 /* DevChallenge.app */ = {isa = PBXFileReference; explicitFileType = wrapper.application; includeInIndex = 0; path = DevChallenge.app; sourceTree = BUILT_PRODUCTS_DIR; };
		3D0B76FF2580468400F31110 /* AppDelegate.swift */ = {isa = PBXFileReference; lastKnownFileType = sourcecode.swift; path = AppDelegate.swift; sourceTree = "<group>"; };
		3D0B77012580468400F31110 /* SceneDelegate.swift */ = {isa = PBXFileReference; lastKnownFileType = sourcecode.swift; path = SceneDelegate.swift; sourceTree = "<group>"; };
		3D0B77032580468400F31110 /* ViewController.swift */ = {isa = PBXFileReference; lastKnownFileType = sourcecode.swift; path = ViewController.swift; sourceTree = "<group>"; };
		3D0B77062580468400F31110 /* Base */ = {isa = PBXFileReference; lastKnownFileType = file.storyboard; name = Base; path = Base.lproj/Main.storyboard; sourceTree = "<group>"; };
		3D0B77082580468700F31110 /* Assets.xcassets */ = {isa = PBXFileReference; lastKnownFileType = folder.assetcatalog; path = Assets.xcassets; sourceTree = "<group>"; };
		3D0B770B2580468700F31110 /* Base */ = {isa = PBXFileReference; lastKnownFileType = file.storyboard; name = Base; path = Base.lproj/LaunchScreen.storyboard; sourceTree = "<group>"; };
		3D0B770D2580468700F31110 /* Info.plist */ = {isa = PBXFileReference; lastKnownFileType = text.plist.xml; path = Info.plist; sourceTree = "<group>"; };
		3D0B77122580468800F31110 /* DevChallengeTests.xctest */ = {isa = PBXFileReference; explicitFileType = wrapper.cfbundle; includeInIndex = 0; path = DevChallengeTests.xctest; sourceTree = BUILT_PRODUCTS_DIR; };
		3D0B77162580468800F31110 /* DevChallengeTests.swift */ = {isa = PBXFileReference; lastKnownFileType = sourcecode.swift; path = DevChallengeTests.swift; sourceTree = "<group>"; };
		3D0B77182580468800F31110 /* Info.plist */ = {isa = PBXFileReference; lastKnownFileType = text.plist.xml; path = Info.plist; sourceTree = "<group>"; };
		3D0B771D2580468800F31110 /* DevChallengeUITests.xctest */ = {isa = PBXFileReference; explicitFileType = wrapper.cfbundle; includeInIndex = 0; path = DevChallengeUITests.xctest; sourceTree = BUILT_PRODUCTS_DIR; };
		3D0B77212580468800F31110 /* DevChallengeUITests.swift */ = {isa = PBXFileReference; lastKnownFileType = sourcecode.swift; path = DevChallengeUITests.swift; sourceTree = "<group>"; };
		3D0B77232580468800F31110 /* Info.plist */ = {isa = PBXFileReference; lastKnownFileType = text.plist.xml; path = Info.plist; sourceTree = "<group>"; };
		E6436CDE25BCAD6E00B42662 /* ResponseModel.swift */ = {isa = PBXFileReference; lastKnownFileType = sourcecode.swift; path = ResponseModel.swift; sourceTree = "<group>"; };
/* End PBXFileReference section */

/* Begin PBXFrameworksBuildPhase section */
		3D0B76F92580468400F31110 /* Frameworks */ = {
			isa = PBXFrameworksBuildPhase;
			buildActionMask = 2147483647;
			files = (
			);
			runOnlyForDeploymentPostprocessing = 0;
		};
		3D0B770F2580468800F31110 /* Frameworks */ = {
			isa = PBXFrameworksBuildPhase;
			buildActionMask = 2147483647;
			files = (
			);
			runOnlyForDeploymentPostprocessing = 0;
		};
		3D0B771A2580468800F31110 /* Frameworks */ = {
			isa = PBXFrameworksBuildPhase;
			buildActionMask = 2147483647;
			files = (
			);
			runOnlyForDeploymentPostprocessing = 0;
		};
/* End PBXFrameworksBuildPhase section */

/* Begin PBXGroup section */
		3D0B76F32580468400F31110 = {
			isa = PBXGroup;
			children = (
				3D0B76FE2580468400F31110 /* DevChallenge */,
				3D0B77152580468800F31110 /* DevChallengeTests */,
				3D0B77202580468800F31110 /* DevChallengeUITests */,
				3D0B76FD2580468400F31110 /* Products */,
			);
			sourceTree = "<group>";
		};
		3D0B76FD2580468400F31110 /* Products */ = {
			isa = PBXGroup;
			children = (
				3D0B76FC2580468400F31110 /* DevChallenge.app */,
				3D0B77122580468800F31110 /* DevChallengeTests.xctest */,
				3D0B771D2580468800F31110 /* DevChallengeUITests.xctest */,
			);
			name = Products;
			sourceTree = "<group>";
		};
		3D0B76FE2580468400F31110 /* DevChallenge */ = {
			isa = PBXGroup;
			children = (
				3D0B76FF2580468400F31110 /* AppDelegate.swift */,
				3D0B77012580468400F31110 /* SceneDelegate.swift */,
				3D0B77032580468400F31110 /* ViewController.swift */,
				3D0B77052580468400F31110 /* Main.storyboard */,
				3D0B77082580468700F31110 /* Assets.xcassets */,
				3D0B770A2580468700F31110 /* LaunchScreen.storyboard */,
				3D0B770D2580468700F31110 /* Info.plist */,
				E6436CDE25BCAD6E00B42662 /* ResponseModel.swift */,
			);
			path = DevChallenge;
			sourceTree = "<group>";
		};
		3D0B77152580468800F31110 /* DevChallengeTests */ = {
			isa = PBXGroup;
			children = (
				3D0B77162580468800F31110 /* DevChallengeTests.swift */,
				3D0B77182580468800F31110 /* Info.plist */,
			);
			path = DevChallengeTests;
			sourceTree = "<group>";
		};
		3D0B77202580468800F31110 /* DevChallengeUITests */ = {
			isa = PBXGroup;
			children = (
				3D0B77212580468800F31110 /* DevChallengeUITests.swift */,
				3D0B77232580468800F31110 /* Info.plist */,
			);
			path = DevChallengeUITests;
			sourceTree = "<group>";
		};
/* End PBXGroup section */

/* Begin PBXNativeTarget section */
		3D0B76FB2580468400F31110 /* DevChallenge */ = {
			isa = PBXNativeTarget;
			buildConfigurationList = 3D0B77262580468800F31110 /* Build configuration list for PBXNativeTarget "DevChallenge" */;
			buildPhases = (
				3D0B76F82580468400F31110 /* Sources */,
				3D0B76F92580468400F31110 /* Frameworks */,
				3D0B76FA2580468400F31110 /* Resources */,
			);
			buildRules = (
			);
			dependencies = (
			);
			name = DevChallenge;
			productName = DevChallenge;
			productReference = 3D0B76FC2580468400F31110 /* DevChallenge.app */;
			productType = "com.apple.product-type.application";
		};
		3D0B77112580468800F31110 /* DevChallengeTests */ = {
			isa = PBXNativeTarget;
			buildConfigurationList = 3D0B77292580468800F31110 /* Build configuration list for PBXNativeTarget "DevChallengeTests" */;
			buildPhases = (
				3D0B770E2580468800F31110 /* Sources */,
				3D0B770F2580468800F31110 /* Frameworks */,
				3D0B77102580468800F31110 /* Resources */,
			);
			buildRules = (
			);
			dependencies = (
				3D0B77142580468800F31110 /* PBXTargetDependency */,
			);
			name = DevChallengeTests;
			productName = DevChallengeTests;
			productReference = 3D0B77122580468800F31110 /* DevChallengeTests.xctest */;
			productType = "com.apple.product-type.bundle.unit-test";
		};
		3D0B771C2580468800F31110 /* DevChallengeUITests */ = {
			isa = PBXNativeTarget;
			buildConfigurationList = 3D0B772C2580468800F31110 /* Build configuration list for PBXNativeTarget "DevChallengeUITests" */;
			buildPhases = (
				3D0B77192580468800F31110 /* Sources */,
				3D0B771A2580468800F31110 /* Frameworks */,
				3D0B771B2580468800F31110 /* Resources */,
			);
			buildRules = (
			);
			dependencies = (
				3D0B771F2580468800F31110 /* PBXTargetDependency */,
			);
			name = DevChallengeUITests;
			productName = DevChallengeUITests;
			productReference = 3D0B771D2580468800F31110 /* DevChallengeUITests.xctest */;
			productType = "com.apple.product-type.bundle.ui-testing";
		};
/* End PBXNativeTarget section */

/* Begin PBXProject section */
		3D0B76F42580468400F31110 /* Project object */ = {
			isa = PBXProject;
			attributes = {
				LastSwiftUpdateCheck = 1210;
				LastUpgradeCheck = 1210;
				TargetAttributes = {
					3D0B76FB2580468400F31110 = {
						CreatedOnToolsVersion = 12.1;
					};
					3D0B77112580468800F31110 = {
						CreatedOnToolsVersion = 12.1;
						TestTargetID = 3D0B76FB2580468400F31110;
					};
					3D0B771C2580468800F31110 = {
						CreatedOnToolsVersion = 12.1;
						TestTargetID = 3D0B76FB2580468400F31110;
					};
				};
			};
			buildConfigurationList = 3D0B76F72580468400F31110 /* Build configuration list for PBXProject "DevChallenge" */;
			compatibilityVersion = "Xcode 9.3";
			developmentRegion = en;
			hasScannedForEncodings = 0;
			knownRegions = (
				en,
				Base,
			);
			mainGroup = 3D0B76F32580468400F31110;
			productRefGroup = 3D0B76FD2580468400F31110 /* Products */;
			projectDirPath = "";
			projectRoot = "";
			targets = (
				3D0B76FB2580468400F31110 /* DevChallenge */,
				3D0B77112580468800F31110 /* DevChallengeTests */,
				3D0B771C2580468800F31110 /* DevChallengeUITests */,
			);
		};
/* End PBXProject section */

/* Begin PBXResourcesBuildPhase section */
		3D0B76FA2580468400F31110 /* Resources */ = {
			isa = PBXResourcesBuildPhase;
			buildActionMask = 2147483647;
			files = (
				3D0B770C2580468700F31110 /* LaunchScreen.storyboard in Resources */,
				3D0B77092580468700F31110 /* Assets.xcassets in Resources */,
				3D0B77072580468400F31110 /* Main.storyboard in Resources */,
			);
			runOnlyForDeploymentPostprocessing = 0;
		};
		3D0B77102580468800F31110 /* Resources */ = {
			isa = PBXResourcesBuildPhase;
			buildActionMask = 2147483647;
			files = (
			);
			runOnlyForDeploymentPostprocessing = 0;
		};
		3D0B771B2580468800F31110 /* Resources */ = {
			isa = PBXResourcesBuildPhase;
			buildActionMask = 2147483647;
			files = (
			);
			runOnlyForDeploymentPostprocessing = 0;
		};
/* End PBXResourcesBuildPhase section */

/* Begin PBXSourcesBuildPhase section */
		3D0B76F82580468400F31110 /* Sources */ = {
			isa = PBXSourcesBuildPhase;
			buildActionMask = 2147483647;
			files = (
				3D0B77042580468400F31110 /* ViewController.swift in Sources */,
				3D0B77002580468400F31110 /* AppDelegate.swift in Sources */,
				E6436CDF25BCAD6E00B42662 /* ResponseModel.swift in Sources */,
				3D0B77022580468400F31110 /* SceneDelegate.swift in Sources */,
			);
			runOnlyForDeploymentPostprocessing = 0;
		};
		3D0B770E2580468800F31110 /* Sources */ = {
			isa = PBXSourcesBuildPhase;
			buildActionMask = 2147483647;
			files = (
				3D0B77172580468800F31110 /* DevChallengeTests.swift in Sources */,
			);
			runOnlyForDeploymentPostprocessing = 0;
		};
		3D0B77192580468800F31110 /* Sources */ = {
			isa = PBXSourcesBuildPhase;
			buildActionMask = 2147483647;
			files = (
				3D0B77222580468800F31110 /* DevChallengeUITests.swift in Sources */,
			);
			runOnlyForDeploymentPostprocessing = 0;
		};
/* End PBXSourcesBuildPhase section */

/* Begin PBXTargetDependency section */
		3D0B77142580468800F31110 /* PBXTargetDependency */ = {
			isa = PBXTargetDependency;
			target = 3D0B76FB2580468400F31110 /* DevChallenge */;
			targetProxy = 3D0B77132580468800F31110 /* PBXContainerItemProxy */;
		};
		3D0B771F2580468800F31110 /* PBXTargetDependency */ = {
			isa = PBXTargetDependency;
			target = 3D0B76FB2580468400F31110 /* DevChallenge */;
			targetProxy = 3D0B771E2580468800F31110 /* PBXContainerItemProxy */;
		};
/* End PBXTargetDependency section */

/* Begin PBXVariantGroup section */
		3D0B77052580468400F31110 /* Main.storyboard */ = {
			isa = PBXVariantGroup;
			children = (
				3D0B77062580468400F31110 /* Base */,
			);
			name = Main.storyboard;
			sourceTree = "<group>";
		};
		3D0B770A2580468700F31110 /* LaunchScreen.storyboard */ = {
			isa = PBXVariantGroup;
			children = (
				3D0B770B2580468700F31110 /* Base */,
			);
			name = LaunchScreen.storyboard;
			sourceTree = "<group>";
		};
/* End PBXVariantGroup section */

/* Begin XCBuildConfiguration section */
		3D0B77242580468800F31110 /* Debug */ = {
			isa = XCBuildConfiguration;
			buildSettings = {
				ALWAYS_SEARCH_USER_PATHS = NO;
				CLANG_ANALYZER_NONNULL = YES;
				CLANG_ANALYZER_NUMBER_OBJECT_CONVERSION = YES_AGGRESSIVE;
				CLANG_CXX_LANGUAGE_STANDARD = "gnu++14";
				CLANG_CXX_LIBRARY = "libc++";
				CLANG_ENABLE_MODULES = YES;
				CLANG_ENABLE_OBJC_ARC = YES;
				CLANG_ENABLE_OBJC_WEAK = YES;
				CLANG_WARN_BLOCK_CAPTURE_AUTORELEASING = YES;
				CLANG_WARN_BOOL_CONVERSION = YES;
				CLANG_WARN_COMMA = YES;
				CLANG_WARN_CONSTANT_CONVERSION = YES;
				CLANG_WARN_DEPRECATED_OBJC_IMPLEMENTATIONS = YES;
				CLANG_WARN_DIRECT_OBJC_ISA_USAGE = YES_ERROR;
				CLANG_WARN_DOCUMENTATION_COMMENTS = YES;
				CLANG_WARN_EMPTY_BODY = YES;
				CLANG_WARN_ENUM_CONVERSION = YES;
				CLANG_WARN_INFINITE_RECURSION = YES;
				CLANG_WARN_INT_CONVERSION = YES;
				CLANG_WARN_NON_LITERAL_NULL_CONVERSION = YES;
				CLANG_WARN_OBJC_IMPLICIT_RETAIN_SELF = YES;
				CLANG_WARN_OBJC_LITERAL_CONVERSION = YES;
				CLANG_WARN_OBJC_ROOT_CLASS = YES_ERROR;
				CLANG_WARN_QUOTED_INCLUDE_IN_FRAMEWORK_HEADER = YES;
				CLANG_WARN_RANGE_LOOP_ANALYSIS = YES;
				CLANG_WARN_STRICT_PROTOTYPES = YES;
				CLANG_WARN_SUSPICIOUS_MOVE = YES;
				CLANG_WARN_UNGUARDED_AVAILABILITY = YES_AGGRESSIVE;
				CLANG_WARN_UNREACHABLE_CODE = YES;
				CLANG_WARN__DUPLICATE_METHOD_MATCH = YES;
				COPY_PHASE_STRIP = NO;
				DEBUG_INFORMATION_FORMAT = dwarf;
				ENABLE_STRICT_OBJC_MSGSEND = YES;
				ENABLE_TESTABILITY = YES;
				GCC_C_LANGUAGE_STANDARD = gnu11;
				GCC_DYNAMIC_NO_PIC = NO;
				GCC_NO_COMMON_BLOCKS = YES;
				GCC_OPTIMIZATION_LEVEL = 0;
				GCC_PREPROCESSOR_DEFINITIONS = (
					"DEBUG=1",
					"$(inherited)",
				);
				GCC_WARN_64_TO_32_BIT_CONVERSION = YES;
				GCC_WARN_ABOUT_RETURN_TYPE = YES_ERROR;
				GCC_WARN_UNDECLARED_SELECTOR = YES;
				GCC_WARN_UNINITIALIZED_AUTOS = YES_AGGRESSIVE;
				GCC_WARN_UNUSED_FUNCTION = YES;
				GCC_WARN_UNUSED_VARIABLE = YES;
				IPHONEOS_DEPLOYMENT_TARGET = 14.1;
				MTL_ENABLE_DEBUG_INFO = INCLUDE_SOURCE;
				MTL_FAST_MATH = YES;
				ONLY_ACTIVE_ARCH = YES;
				SDKROOT = iphoneos;
				SWIFT_ACTIVE_COMPILATION_CONDITIONS = DEBUG;
				SWIFT_OPTIMIZATION_LEVEL = "-Onone";
			};
			name = Debug;
		};
		3D0B77252580468800F31110 /* Release */ = {
			isa = XCBuildConfiguration;
			buildSettings = {
				ALWAYS_SEARCH_USER_PATHS = NO;
				CLANG_ANALYZER_NONNULL = YES;
				CLANG_ANALYZER_NUMBER_OBJECT_CONVERSION = YES_AGGRESSIVE;
				CLANG_CXX_LANGUAGE_STANDARD = "gnu++14";
				CLANG_CXX_LIBRARY = "libc++";
				CLANG_ENABLE_MODULES = YES;
				CLANG_ENABLE_OBJC_ARC = YES;
				CLANG_ENABLE_OBJC_WEAK = YES;
				CLANG_WARN_BLOCK_CAPTURE_AUTORELEASING = YES;
				CLANG_WARN_BOOL_CONVERSION = YES;
				CLANG_WARN_COMMA = YES;
				CLANG_WARN_CONSTANT_CONVERSION = YES;
				CLANG_WARN_DEPRECATED_OBJC_IMPLEMENTATIONS = YES;
				CLANG_WARN_DIRECT_OBJC_ISA_USAGE = YES_ERROR;
				CLANG_WARN_DOCUMENTATION_COMMENTS = YES;
				CLANG_WARN_EMPTY_BODY = YES;
				CLANG_WARN_ENUM_CONVERSION = YES;
				CLANG_WARN_INFINITE_RECURSION = YES;
				CLANG_WARN_INT_CONVERSION = YES;
				CLANG_WARN_NON_LITERAL_NULL_CONVERSION = YES;
				CLANG_WARN_OBJC_IMPLICIT_RETAIN_SELF = YES;
				CLANG_WARN_OBJC_LITERAL_CONVERSION = YES;
				CLANG_WARN_OBJC_ROOT_CLASS = YES_ERROR;
				CLANG_WARN_QUOTED_INCLUDE_IN_FRAMEWORK_HEADER = YES;
				CLANG_WARN_RANGE_LOOP_ANALYSIS = YES;
				CLANG_WARN_STRICT_PROTOTYPES = YES;
				CLANG_WARN_SUSPICIOUS_MOVE = YES;
				CLANG_WARN_UNGUARDED_AVAILABILITY = YES_AGGRESSIVE;
				CLANG_WARN_UNREACHABLE_CODE = YES;
				CLANG_WARN__DUPLICATE_METHOD_MATCH = YES;
				COPY_PHASE_STRIP = NO;
				DEBUG_INFORMATION_FORMAT = "dwarf-with-dsym";
				ENABLE_NS_ASSERTIONS = NO;
				ENABLE_STRICT_OBJC_MSGSEND = YES;
				GCC_C_LANGUAGE_STANDARD = gnu11;
				GCC_NO_COMMON_BLOCKS = YES;
				GCC_WARN_64_TO_32_BIT_CONVERSION = YES;
				GCC_WARN_ABOUT_RETURN_TYPE = YES_ERROR;
				GCC_WARN_UNDECLARED_SELECTOR = YES;
				GCC_WARN_UNINITIALIZED_AUTOS = YES_AGGRESSIVE;
				GCC_WARN_UNUSED_FUNCTION = YES;
				GCC_WARN_UNUSED_VARIABLE = YES;
				IPHONEOS_DEPLOYMENT_TARGET = 14.1;
				MTL_ENABLE_DEBUG_INFO = NO;
				MTL_FAST_MATH = YES;
				SDKROOT = iphoneos;
				SWIFT_COMPILATION_MODE = wholemodule;
				SWIFT_OPTIMIZATION_LEVEL = "-O";
				VALIDATE_PRODUCT = YES;
			};
			name = Release;
		};
		3D0B77272580468800F31110 /* Debug */ = {
			isa = XCBuildConfiguration;
			buildSettings = {
				ASSETCATALOG_COMPILER_APPICON_NAME = AppIcon;
				ASSETCATALOG_COMPILER_GLOBAL_ACCENT_COLOR_NAME = AccentColor;
				CODE_SIGN_STYLE = Automatic;
				DEVELOPMENT_TEAM = RFYDNQN4JF;
				INFOPLIST_FILE = DevChallenge/Info.plist;
				LD_RUNPATH_SEARCH_PATHS = (
					"$(inherited)",
					"@executable_path/Frameworks",
				);
				PRODUCT_BUNDLE_IDENTIFIER = com.codesworth1.DevChallenge;
				PRODUCT_NAME = "$(TARGET_NAME)";
				SWIFT_VERSION = 5.0;
				TARGETED_DEVICE_FAMILY = "1,2";
			};
			name = Debug;
		};
		3D0B77282580468800F31110 /* Release */ = {
			isa = XCBuildConfiguration;
			buildSettings = {
				ASSETCATALOG_COMPILER_APPICON_NAME = AppIcon;
				ASSETCATALOG_COMPILER_GLOBAL_ACCENT_COLOR_NAME = AccentColor;
				CODE_SIGN_STYLE = Automatic;
				DEVELOPMENT_TEAM = RFYDNQN4JF;
				INFOPLIST_FILE = DevChallenge/Info.plist;
				LD_RUNPATH_SEARCH_PATHS = (
					"$(inherited)",
					"@executable_path/Frameworks",
				);
				PRODUCT_BUNDLE_IDENTIFIER = com.codesworth1.DevChallenge;
				PRODUCT_NAME = "$(TARGET_NAME)";
				SWIFT_VERSION = 5.0;
				TARGETED_DEVICE_FAMILY = "1,2";
			};
			name = Release;
		};
		3D0B772A2580468800F31110 /* Debug */ = {
			isa = XCBuildConfiguration;
			buildSettings = {
				ALWAYS_EMBED_SWIFT_STANDARD_LIBRARIES = YES;
				BUNDLE_LOADER = "$(TEST_HOST)";
				CODE_SIGN_STYLE = Automatic;
				DEVELOPMENT_TEAM = MB46J93Q7Z;
				INFOPLIST_FILE = DevChallengeTests/Info.plist;
				IPHONEOS_DEPLOYMENT_TARGET = 14.1;
				LD_RUNPATH_SEARCH_PATHS = (
					"$(inherited)",
					"@executable_path/Frameworks",
					"@loader_path/Frameworks",
				);
				PRODUCT_BUNDLE_IDENTIFIER = com.codesworth.DevChallengeTests;
				PRODUCT_NAME = "$(TARGET_NAME)";
				SWIFT_VERSION = 5.0;
				TARGETED_DEVICE_FAMILY = "1,2";
				TEST_HOST = "$(BUILT_PRODUCTS_DIR)/DevChallenge.app/DevChallenge";
			};
			name = Debug;
		};
		3D0B772B2580468800F31110 /* Release */ = {
			isa = XCBuildConfiguration;
			buildSettings = {
				ALWAYS_EMBED_SWIFT_STANDARD_LIBRARIES = YES;
				BUNDLE_LOADER = "$(TEST_HOST)";
				CODE_SIGN_STYLE = Automatic;
				DEVELOPMENT_TEAM = MB46J93Q7Z;
				INFOPLIST_FILE = DevChallengeTests/Info.plist;
				IPHONEOS_DEPLOYMENT_TARGET = 14.1;
				LD_RUNPATH_SEARCH_PATHS = (
					"$(inherited)",
					"@executable_path/Frameworks",
					"@loader_path/Frameworks",
				);
				PRODUCT_BUNDLE_IDENTIFIER = com.codesworth.DevChallengeTests;
				PRODUCT_NAME = "$(TARGET_NAME)";
				SWIFT_VERSION = 5.0;
				TARGETED_DEVICE_FAMILY = "1,2";
				TEST_HOST = "$(BUILT_PRODUCTS_DIR)/DevChallenge.app/DevChallenge";
			};
			name = Release;
		};
		3D0B772D2580468800F31110 /* Debug */ = {
			isa = XCBuildConfiguration;
			buildSettings = {
				ALWAYS_EMBED_SWIFT_STANDARD_LIBRARIES = YES;
				CODE_SIGN_STYLE = Automatic;
				DEVELOPMENT_TEAM = MB46J93Q7Z;
				INFOPLIST_FILE = DevChallengeUITests/Info.plist;
				LD_RUNPATH_SEARCH_PATHS = (
					"$(inherited)",
					"@executable_path/Frameworks",
					"@loader_path/Frameworks",
				);
				PRODUCT_BUNDLE_IDENTIFIER = com.codesworth.DevChallengeUITests;
				PRODUCT_NAME = "$(TARGET_NAME)";
				SWIFT_VERSION = 5.0;
				TARGETED_DEVICE_FAMILY = "1,2";
				TEST_TARGET_NAME = DevChallenge;
			};
			name = Debug;
		};
		3D0B772E2580468800F31110 /* Release */ = {
			isa = XCBuildConfiguration;
			buildSettings = {
				ALWAYS_EMBED_SWIFT_STANDARD_LIBRARIES = YES;
				CODE_SIGN_STYLE = Automatic;
				DEVELOPMENT_TEAM = MB46J93Q7Z;
				INFOPLIST_FILE = DevChallengeUITests/Info.plist;
				LD_RUNPATH_SEARCH_PATHS = (
					"$(inherited)",
					"@executable_path/Frameworks",
					"@loader_path/Frameworks",
				);
				PRODUCT_BUNDLE_IDENTIFIER = com.codesworth.DevChallengeUITests;
				PRODUCT_NAME = "$(TARGET_NAME)";
				SWIFT_VERSION = 5.0;
				TARGETED_DEVICE_FAMILY = "1,2";
				TEST_TARGET_NAME = DevChallenge;
			};
			name = Release;
		};
/* End XCBuildConfiguration section */

/* Begin XCConfigurationList section */
		3D0B76F72580468400F31110 /* Build configuration list for PBXProject "DevChallenge" */ = {
			isa = XCConfigurationList;
			buildConfigurations = (
				3D0B77242580468800F31110 /* Debug */,
				3D0B77252580468800F31110 /* Release */,
			);
			defaultConfigurationIsVisible = 0;
			defaultConfigurationName = Release;
		};
		3D0B77262580468800F31110 /* Build configuration list for PBXNativeTarget "DevChallenge" */ = {
			isa = XCConfigurationList;
			buildConfigurations = (
				3D0B77272580468800F31110 /* Debug */,
				3D0B77282580468800F31110 /* Release */,
			);
			defaultConfigurationIsVisible = 0;
			defaultConfigurationName = Release;
		};
		3D0B77292580468800F31110 /* Build configuration list for PBXNativeTarget "DevChallengeTests" */ = {
			isa = XCConfigurationList;
			buildConfigurations = (
				3D0B772A2580468800F31110 /* Debug */,
				3D0B772B2580468800F31110 /* Release */,
			);
			defaultConfigurationIsVisible = 0;
			defaultConfigurationName = Release;
		};
		3D0B772C2580468800F31110 /* Build configuration list for PBXNativeTarget "DevChallengeUITests" */ = {
			isa = XCConfigurationList;
			buildConfigurations = (
				3D0B772D2580468800F31110 /* Debug */,
				3D0B772E2580468800F31110 /* Release */,
			);
			defaultConfigurationIsVisible = 0;
			defaultConfigurationName = Release;
		};
/* End XCConfigurationList section */
	};
	rootObject = 3D0B76F42580468400F31110 /* Project object */;
}
